// !$*UTF8*$!
{
	archiveVersion = 1;
	classes = {
	};
	objectVersion = 46;
	objects = {

/* Begin PBXBuildFile section */
		997DA6F41DC3489900D1F59C /* ScreenshotsCell.swift in Sources */ = {isa = PBXBuildFile; fileRef = 997DA6F31DC3489900D1F59C /* ScreenshotsCell.swift */; };
		99C39C451DC0C38D006F242F /* AppDetailController.swift in Sources */ = {isa = PBXBuildFile; fileRef = 99C39C441DC0C38D006F242F /* AppDetailController.swift */; };
		99D200811DBFC87A00309973 /* CategoryCell.swift in Sources */ = {isa = PBXBuildFile; fileRef = 99D200801DBFC87A00309973 /* CategoryCell.swift */; };
		99D200831DBFC8EE00309973 /* Models.swift in Sources */ = {isa = PBXBuildFile; fileRef = 99D200821DBFC8EE00309973 /* Models.swift */; };
		99E8BD181DBFBE69009B1099 /* AppDelegate.swift in Sources */ = {isa = PBXBuildFile; fileRef = 99E8BD171DBFBE69009B1099 /* AppDelegate.swift */; };
		99E8BD1A1DBFBE69009B1099 /* ViewController.swift in Sources */ = {isa = PBXBuildFile; fileRef = 99E8BD191DBFBE69009B1099 /* ViewController.swift */; };
		99E8BD1D1DBFBE69009B1099 /* Main.storyboard in Resources */ = {isa = PBXBuildFile; fileRef = 99E8BD1B1DBFBE69009B1099 /* Main.storyboard */; };
		99E8BD1F1DBFBE69009B1099 /* Assets.xcassets in Resources */ = {isa = PBXBuildFile; fileRef = 99E8BD1E1DBFBE69009B1099 /* Assets.xcassets */; };
		99E8BD221DBFBE69009B1099 /* LaunchScreen.storyboard in Resources */ = {isa = PBXBuildFile; fileRef = 99E8BD201DBFBE69009B1099 /* LaunchScreen.storyboard */; };
/* End PBXBuildFile section */

/* Begin PBXFileReference section */
		997DA6F31DC3489900D1F59C /* ScreenshotsCell.swift */ = {isa = PBXFileReference; fileEncoding = 4; lastKnownFileType = sourcecode.swift; path = ScreenshotsCell.swift; sourceTree = "<group>"; };
		99C39C441DC0C38D006F242F /* AppDetailController.swift */ = {isa = PBXFileReference; fileEncoding = 4; lastKnownFileType = sourcecode.swift; path = AppDetailController.swift; sourceTree = "<group>"; };
		99D200801DBFC87A00309973 /* CategoryCell.swift */ = {isa = PBXFileReference; fileEncoding = 4; lastKnownFileType = sourcecode.swift; path = CategoryCell.swift; sourceTree = "<group>"; };
		99D200821DBFC8EE00309973 /* Models.swift */ = {isa = PBXFileReference; fileEncoding = 4; lastKnownFileType = sourcecode.swift; path = Models.swift; sourceTree = "<group>"; };
		99E8BD141DBFBE69009B1099 /* appStore.app */ = {isa = PBXFileReference; explicitFileType = wrapper.application; includeInIndex = 0; path = appStore.app; sourceTree = BUILT_PRODUCTS_DIR; };
		99E8BD171DBFBE69009B1099 /* AppDelegate.swift */ = {isa = PBXFileReference; lastKnownFileType = sourcecode.swift; path = AppDelegate.swift; sourceTree = "<group>"; };
		99E8BD191DBFBE69009B1099 /* ViewController.swift */ = {isa = PBXFileReference; lastKnownFileType = sourcecode.swift; path = ViewController.swift; sourceTree = "<group>"; };
		99E8BD1C1DBFBE69009B1099 /* Base */ = {isa = PBXFileReference; lastKnownFileType = file.storyboard; name = Base; path = Base.lproj/Main.storyboard; sourceTree = "<group>"; };
		99E8BD1E1DBFBE69009B1099 /* Assets.xcassets */ = {isa = PBXFileReference; lastKnownFileType = folder.assetcatalog; path = Assets.xcassets; sourceTree = "<group>"; };
		99E8BD211DBFBE69009B1099 /* Base */ = {isa = PBXFileReference; lastKnownFileType = file.storyboard; name = Base; path = Base.lproj/LaunchScreen.storyboard; sourceTree = "<group>"; };
		99E8BD231DBFBE69009B1099 /* Info.plist */ = {isa = PBXFileReference; lastKnownFileType = text.plist.xml; path = Info.plist; sourceTree = "<group>"; };
/* End PBXFileReference section */

/* Begin PBXFrameworksBuildPhase section */
		99E8BD111DBFBE69009B1099 /* Frameworks */ = {
			isa = PBXFrameworksBuildPhase;
			buildActionMask = 2147483647;
			files = (
			);
			runOnlyForDeploymentPostprocessing = 0;
		};
/* End PBXFrameworksBuildPhase section */

/* Begin PBXGroup section */
		99E8BD0B1DBFBE69009B1099 = {
			isa = PBXGroup;
			children = (
				99E8BD161DBFBE69009B1099 /* appStore */,
				99E8BD151DBFBE69009B1099 /* Products */,
			);
			sourceTree = "<group>";
		};
		99E8BD151DBFBE69009B1099 /* Products */ = {
			isa = PBXGroup;
			children = (
				99E8BD141DBFBE69009B1099 /* appStore.app */,
			);
			name = Products;
			sourceTree = "<group>";
		};
		99E8BD161DBFBE69009B1099 /* appStore */ = {
			isa = PBXGroup;
			children = (
				99E8BD171DBFBE69009B1099 /* AppDelegate.swift */,
				99E8BD191DBFBE69009B1099 /* ViewController.swift */,
				99D200801DBFC87A00309973 /* CategoryCell.swift */,
				99C39C441DC0C38D006F242F /* AppDetailController.swift */,
				997DA6F31DC3489900D1F59C /* ScreenshotsCell.swift */,
				99D200821DBFC8EE00309973 /* Models.swift */,
				99E8BD1B1DBFBE69009B1099 /* Main.storyboard */,
				99E8BD1E1DBFBE69009B1099 /* Assets.xcassets */,
				99E8BD201DBFBE69009B1099 /* LaunchScreen.storyboard */,
				99E8BD231DBFBE69009B1099 /* Info.plist */,
			);
			path = appStore;
			sourceTree = "<group>";
		};
/* End PBXGroup section */

/* Begin PBXNativeTarget section */
		99E8BD131DBFBE69009B1099 /* appStore */ = {
			isa = PBXNativeTarget;
			buildConfigurationList = 99E8BD261DBFBE69009B1099 /* Build configuration list for PBXNativeTarget "appStore" */;
			buildPhases = (
				99E8BD101DBFBE69009B1099 /* Sources */,
				99E8BD111DBFBE69009B1099 /* Frameworks */,
				99E8BD121DBFBE69009B1099 /* Resources */,
			);
			buildRules = (
			);
			dependencies = (
			);
			name = appStore;
			productName = appStore;
			productReference = 99E8BD141DBFBE69009B1099 /* appStore.app */;
			productType = "com.apple.product-type.application";
		};
/* End PBXNativeTarget section */

/* Begin PBXProject section */
		99E8BD0C1DBFBE69009B1099 /* Project object */ = {
			isa = PBXProject;
			attributes = {
				LastSwiftUpdateCheck = 0800;
				LastUpgradeCheck = 0800;
				ORGANIZATIONNAME = "Mladen Vidović";
				TargetAttributes = {
					99E8BD131DBFBE69009B1099 = {
						CreatedOnToolsVersion = 8.0;
						ProvisioningStyle = Automatic;
					};
				};
			};
			buildConfigurationList = 99E8BD0F1DBFBE69009B1099 /* Build configuration list for PBXProject "appStore" */;
			compatibilityVersion = "Xcode 3.2";
			developmentRegion = English;
			hasScannedForEncodings = 0;
			knownRegions = (
				en,
				Base,
			);
			mainGroup = 99E8BD0B1DBFBE69009B1099;
			productRefGroup = 99E8BD151DBFBE69009B1099 /* Products */;
			projectDirPath = "";
			projectRoot = "";
			targets = (
				99E8BD131DBFBE69009B1099 /* appStore */,
			);
		};
/* End PBXProject section */

/* Begin PBXResourcesBuildPhase section */
		99E8BD121DBFBE69009B1099 /* Resources */ = {
			isa = PBXResourcesBuildPhase;
			buildActionMask = 2147483647;
			files = (
				99E8BD221DBFBE69009B1099 /* LaunchScreen.storyboard in Resources */,
				99E8BD1F1DBFBE69009B1099 /* Assets.xcassets in Resources */,
				99E8BD1D1DBFBE69009B1099 /* Main.storyboard in Resources */,
			);
			runOnlyForDeploymentPostprocessing = 0;
		};
/* End PBXResourcesBuildPhase section */

/* Begin PBXSourcesBuildPhase section */
		99E8BD101DBFBE69009B1099 /* Sources */ = {
			isa = PBXSourcesBuildPhase;
			buildActionMask = 2147483647;
			files = (
				99E8BD1A1DBFBE69009B1099 /* ViewController.swift in Sources */,
				99E8BD181DBFBE69009B1099 /* AppDelegate.swift in Sources */,
				99D200811DBFC87A00309973 /* CategoryCell.swift in Sources */,
				99C39C451DC0C38D006F242F /* AppDetailController.swift in Sources */,
				99D200831DBFC8EE00309973 /* Models.swift in Sources */,
				997DA6F41DC3489900D1F59C /* ScreenshotsCell.swift in Sources */,
			);
			runOnlyForDeploymentPostprocessing = 0;
		};
/* End PBXSourcesBuildPhase section */

/* Begin PBXVariantGroup section */
		99E8BD1B1DBFBE69009B1099 /* Main.storyboard */ = {
			isa = PBXVariantGroup;
			children = (
				99E8BD1C1DBFBE69009B1099 /* Base */,
			);
			name = Main.storyboard;
			sourceTree = "<group>";
		};
		99E8BD201DBFBE69009B1099 /* LaunchScreen.storyboard */ = {
			isa = PBXVariantGroup;
			children = (
				99E8BD211DBFBE69009B1099 /* Base */,
			);
			name = LaunchScreen.storyboard;
			sourceTree = "<group>";
		};
/* End PBXVariantGroup section */

/* Begin XCBuildConfiguration section */
		99E8BD241DBFBE69009B1099 /* Debug */ = {
			isa = XCBuildConfiguration;
			buildSettings = {
				ALWAYS_SEARCH_USER_PATHS = NO;
				CLANG_ANALYZER_NONNULL = YES;
				CLANG_CXX_LANGUAGE_STANDARD = "gnu++0x";
				CLANG_CXX_LIBRARY = "libc++";
				CLANG_ENABLE_MODULES = YES;
				CLANG_ENABLE_OBJC_ARC = YES;
				CLANG_WARN_BOOL_CONVERSION = YES;
				CLANG_WARN_CONSTANT_CONVERSION = YES;
				CLANG_WARN_DIRECT_OBJC_ISA_USAGE = YES_ERROR;
				CLANG_WARN_DOCUMENTATION_COMMENTS = YES;
				CLANG_WARN_EMPTY_BODY = YES;
				CLANG_WARN_ENUM_CONVERSION = YES;
				CLANG_WARN_INFINITE_RECURSION = YES;
				CLANG_WARN_INT_CONVERSION = YES;
				CLANG_WARN_OBJC_ROOT_CLASS = YES_ERROR;
				CLANG_WARN_SUSPICIOUS_MOVES = YES;
				CLANG_WARN_UNREACHABLE_CODE = YES;
				CLANG_WARN__DUPLICATE_METHOD_MATCH = YES;
				"CODE_SIGN_IDENTITY[sdk=iphoneos*]" = "iPhone Developer";
				COPY_PHASE_STRIP = NO;
				DEBUG_INFORMATION_FORMAT = dwarf;
				ENABLE_STRICT_OBJC_MSGSEND = YES;
				ENABLE_TESTABILITY = YES;
				GCC_C_LANGUAGE_STANDARD = gnu99;
				GCC_DYNAMIC_NO_PIC = NO;
				GCC_NO_COMMON_BLOCKS = YES;
				GCC_OPTIMIZATION_LEVEL = 0;
				GCC_PREPROCESSOR_DEFINITIONS = (
					"DEBUG=1",
					"$(inherited)",
				);
				GCC_WARN_64_TO_32_BIT_CONVERSION = YES;
				GCC_WARN_ABOUT_RETURN_TYPE = YES_ERROR;
				GCC_WARN_UNDECLARED_SELECTOR = YES;
				GCC_WARN_UNINITIALIZED_AUTOS = YES_AGGRESSIVE;
				GCC_WARN_UNUSED_FUNCTION = YES;
				GCC_WARN_UNUSED_VARIABLE = YES;
				IPHONEOS_DEPLOYMENT_TARGET = 10.0;
				MTL_ENABLE_DEBUG_INFO = YES;
				ONLY_ACTIVE_ARCH = YES;
				SDKROOT = iphoneos;
				SWIFT_ACTIVE_COMPILATION_CONDITIONS = DEBUG;
				SWIFT_OPTIMIZATION_LEVEL = "-Onone";
			};
			name = Debug;
		};
		99E8BD251DBFBE69009B1099 /* Release */ = {
			isa = XCBuildConfiguration;
			buildSettings = {
				ALWAYS_SEARCH_USER_PATHS = NO;
				CLANG_ANALYZER_NONNULL = YES;
				CLANG_CXX_LANGUAGE_STANDARD = "gnu++0x";
				CLANG_CXX_LIBRARY = "libc++";
				CLANG_ENABLE_MODULES = YES;
				CLANG_ENABLE_OBJC_ARC = YES;
				CLANG_WARN_BOOL_CONVERSION = YES;
				CLANG_WARN_CONSTANT_CONVERSION = YES;
				CLANG_WARN_DIRECT_OBJC_ISA_USAGE = YES_ERROR;
				CLANG_WARN_DOCUMENTATION_COMMENTS = YES;
				CLANG_WARN_EMPTY_BODY = YES;
				CLANG_WARN_ENUM_CONVERSION = YES;
				CLANG_WARN_INFINITE_RECURSION = YES;
				CLANG_WARN_INT_CONVERSION = YES;
				CLANG_WARN_OBJC_ROOT_CLASS = YES_ERROR;
				CLANG_WARN_SUSPICIOUS_MOVES = YES;
				CLANG_WARN_UNREACHABLE_CODE = YES;
				CLANG_WARN__DUPLICATE_METHOD_MATCH = YES;
				"CODE_SIGN_IDENTITY[sdk=iphoneos*]" = "iPhone Developer";
				COPY_PHASE_STRIP = NO;
				DEBUG_INFORMATION_FORMAT = "dwarf-with-dsym";
				ENABLE_NS_ASSERTIONS = NO;
				ENABLE_STRICT_OBJC_MSGSEND = YES;
				GCC_C_LANGUAGE_STANDARD = gnu99;
				GCC_NO_COMMON_BLOCKS = YES;
				GCC_WARN_64_TO_32_BIT_CONVERSION = YES;
				GCC_WARN_ABOUT_RETURN_TYPE = YES_ERROR;
				GCC_WARN_UNDECLARED_SELECTOR = YES;
				GCC_WARN_UNINITIALIZED_AUTOS = YES_AGGRESSIVE;
				GCC_WARN_UNUSED_FUNCTION = YES;
				GCC_WARN_UNUSED_VARIABLE = YES;
				IPHONEOS_DEPLOYMENT_TARGET = 10.0;
				MTL_ENABLE_DEBUG_INFO = NO;
				SDKROOT = iphoneos;
				SWIFT_OPTIMIZATION_LEVEL = "-Owholemodule";
				VALIDATE_PRODUCT = YES;
			};
			name = Release;
		};
		99E8BD271DBFBE69009B1099 /* Debug */ = {
			isa = XCBuildConfiguration;
			buildSettings = {
				ASSETCATALOG_COMPILER_APPICON_NAME = AppIcon;
				INFOPLIST_FILE = appStore/Info.plist;
				LD_RUNPATH_SEARCH_PATHS = "$(inherited) @executable_path/Frameworks";
				PRODUCT_BUNDLE_IDENTIFIER = boca.appStore;
				PRODUCT_NAME = "$(TARGET_NAME)";
				SWIFT_VERSION = 3.0;
			};
			name = Debug;
		};
		99E8BD281DBFBE69009B1099 /* Release */ = {
			isa = XCBuildConfiguration;
			buildSettings = {
				ASSETCATALOG_COMPILER_APPICON_NAME = AppIcon;
				INFOPLIST_FILE = appStore/Info.plist;
				LD_RUNPATH_SEARCH_PATHS = "$(inherited) @executable_path/Frameworks";
				PRODUCT_BUNDLE_IDENTIFIER = boca.appStore;
				PRODUCT_NAME = "$(TARGET_NAME)";
				SWIFT_VERSION = 3.0;
			};
			name = Release;
		};
/* End XCBuildConfiguration section */

/* Begin XCConfigurationList section */
		99E8BD0F1DBFBE69009B1099 /* Build configuration list for PBXProject "appStore" */ = {
			isa = XCConfigurationList;
			buildConfigurations = (
				99E8BD241DBFBE69009B1099 /* Debug */,
				99E8BD251DBFBE69009B1099 /* Release */,
			);
			defaultConfigurationIsVisible = 0;
			defaultConfigurationName = Release;
		};
		99E8BD261DBFBE69009B1099 /* Build configuration list for PBXNativeTarget "appStore" */ = {
			isa = XCConfigurationList;
			buildConfigurations = (
				99E8BD271DBFBE69009B1099 /* Debug */,
				99E8BD281DBFBE69009B1099 /* Release */,
			);
			defaultConfigurationIsVisible = 0;
			defaultConfigurationName = Release;
		};
/* End XCConfigurationList section */
	};
	rootObject = 99E8BD0C1DBFBE69009B1099 /* Project object */;
}
